{
  "name": "phaser_frogger_partie3",
  "version": "1.0.0",
  "lockfileVersion": 1,
  "requires": true,
  "dependencies": {
    "phaser3-swipe-plugin": {
      "version": "1.0.6",
      "resolved": "https://registry.npmjs.org/phaser3-swipe-plugin/-/phaser3-swipe-plugin-1.0.6.tgz",
      "integrity": "sha512-GUAnCDA5ZoZOnGRUQ6XzRc+xevmo0JCzuBCB6m3HzqmC/PtQ9gpqB/WFnitBRxacyr9x605JfMo/1nvv/i+ngw=="
    }
  }
}
